
Microsoft Visual Studio Solution File, Format Version 12.00
# Visual Studio Version 17
VisualStudioVersion = 17.3.32901.215
MinimumVisualStudioVersion = 10.0.40219.1
Project("{FAE04EC0-301F-11D3-BF4B-00C04F79EFBC}") = "DONTNETCRUDAPI", "DONTNETCRUDAPI\DONTNETCRUDAPI.csproj", "{F975AD88-1C88-4CB9-B08A-D0CD02A0182E}"
EndProject
Global
	GlobalSection(SolutionConfigurationPlatforms) = preSolution
		Debug|Any CPU = Debug|Any CPU
		Release|Any CPU = Release|Any CPU
	EndGlobalSection
	GlobalSection(ProjectConfigurationPlatforms) = postSolution
		{F975AD88-1C88-4CB9-B08A-D0CD02A0182E}.Debug|Any CPU.ActiveCfg = Debug|Any CPU
		{F975AD88-1C88-4CB9-B08A-D0CD02A0182E}.Debug|Any CPU.Build.0 = Debug|Any CPU
		{F975AD88-1C88-4CB9-B08A-D0CD02A0182E}.Release|Any CPU.ActiveCfg = Release|Any CPU
		{F975AD88-1C88-4CB9-B08A-D0CD02A0182E}.Release|Any CPU.Build.0 = Release|Any CPU
	EndGlobalSection
	GlobalSection(SolutionProperties) = preSolution
		HideSolutionNode = FALSE
	EndGlobalSection
	GlobalSection(ExtensibilityGlobals) = postSolution
		SolutionGuid = {FCB79745-70D4-45BA-A7D8-E6E0A23A9EB3}
	EndGlobalSection
EndGlobal
